
Microsoft Visual Studio Solution File, Format Version 12.00
# Visual Studio Version 16
VisualStudioVersion = 16.0.29403.142
MinimumVisualStudioVersion = 10.0.40219.1
Project("{FAE04EC0-301F-11D3-BF4B-00C04F79EFBC}") = "GymApplication", "GymApplication\GymApplication.csproj", "{6E26EEAE-1827-470F-BD0B-A0874DF062CC}"
EndProject
Global
	GlobalSection(SolutionConfigurationPlatforms) = preSolution
		Debug|Any CPU = Debug|Any CPU
		Release|Any CPU = Release|Any CPU
	EndGlobalSection
	GlobalSection(ProjectConfigurationPlatforms) = postSolution
		{6E26EEAE-1827-470F-BD0B-A0874DF062CC}.Debug|Any CPU.ActiveCfg = Debug|Any CPU
		{6E26EEAE-1827-470F-BD0B-A0874DF062CC}.Debug|Any CPU.Build.0 = Debug|Any CPU
		{6E26EEAE-1827-470F-BD0B-A0874DF062CC}.Release|Any CPU.ActiveCfg = Release|Any CPU
		{6E26EEAE-1827-470F-BD0B-A0874DF062CC}.Release|Any CPU.Build.0 = Release|Any CPU
	EndGlobalSection
	GlobalSection(SolutionProperties) = preSolution
		HideSolutionNode = FALSE
	EndGlobalSection
	GlobalSection(ExtensibilityGlobals) = postSolution
		SolutionGuid = {4E3969FE-ADCB-4FD7-B557-36B94C5E7F50}
	EndGlobalSection
EndGlobal
